<?xml version="1.0" encoding="utf-8"?>
<Project ToolsVersion="4.0" xmlns="http://schemas.microsoft.com/developer/msbuild/2003">
  <ItemGroup>
    <Filter Include="Source Files">
      <UniqueIdentifier>{4FC737F1-C7A5-4376-A066-2A32D752A2FF}</UniqueIdentifier>
      <Extensions>cpp;c;cc;cxx;def;odl;idl;hpj;bat;asm;asmx</Extensions>
    </Filter>
    <Filter Include="Header Files">
      <UniqueIdentifier>{93995380-89BD-4b04-88EB-625FBE52EBFB}</UniqueIdentifier>
      <Extensions>h;hh;hpp;hxx;hm;inl;inc;xsd</Extensions>
    </Filter>
    <Filter Include="Resource Files">
      <UniqueIdentifier>{67DA6AB6-F800-4c08-8B7A-83BB121AAD01}</UniqueIdentifier>
      <Extensions>rc;ico;cur;bmp;dlg;rc2;rct;bin;rgs;gif;jpg;jpeg;jpe;resx;tiff;tif;png;wav</Extensions>
    </Filter>
    <Filter Include="Header Files\common">
      <UniqueIdentifier>{e84bb44e-a6e3-4e28-8700-a18b6c816d68}</UniqueIdentifier>
    </Filter>
    <Filter Include="Source Files\common">
      <UniqueIdentifier>{eece598b-7877-4c5b-8acc-8f580206c711}</UniqueIdentifier>
    </Filter>
    <Filter Include="Source Files\common\Externals">
      <UniqueIdentifier>{fc350f3c-cdb6-41f7-825b-8e280ed41816}</UniqueIdentifier>
    </Filter>
    <Filter Include="Header Files\common\Externals">
      <UniqueIdentifier>{38726a6d-a086-4034-a000-cd8163bdce8f}</UniqueIdentifier>
    </Filter>
    <Filter Include="Source Files\Shaders">
      <UniqueIdentifier>{d88f6b57-37dd-4a8d-92f1-b62e66b5b161}</UniqueIdentifier>
    </Filter>
    <Filter Include="Source Files\Shaders\Drawing">
      <UniqueIdentifier>{d50d27cf-b6e7-4ac7-9703-8739aeab810a}</UniqueIdentifier>
    </Filter>
    <Filter Include="Source Files\Shaders\Compute">
      <UniqueIdentifier>{36f5af3b-ef21-4d2f-9591-fc2322618567}</UniqueIdentifier>
    </Filter>
    <Filter Include="Source Files\Shaders\Transform Feedback">
      <UniqueIdentifier>{2b1113ad-8a5f-48cd-a441-146639a37b6a}</UniqueIdentifier>
    </Filter>
  </ItemGroup>
  <ItemGroup>
    <ClCompile Include="main.cpp">
      <Filter>Source Files</Filter>
    </ClCompile>
    <ClCompile Include="src\common\Windows\glew.c">
      <Filter>Source Files\common\Externals</Filter>
    </ClCompile>
    <ClCompile Include="src\Camera.cc">
      <Filter>Source Files</Filter>
    </ClCompile>
    <ClCompile Include="src\Drawable.cc">
      <Filter>Source Files</Filter>
    </ClCompile>
    <ClCompile Include="src\Particles.cc">
      <Filter>Source Files</Filter>
    </ClCompile>
    <ClCompile Include="src\common\loadobj.cc">
      <Filter>Source Files\common</Filter>
    </ClCompile>
    <ClCompile Include="src\common\LoadTGA.cc">
      <Filter>Source Files\common</Filter>
    </ClCompile>
    <ClCompile Include="src\common\GL_utilities.cc">
      <Filter>Source Files\common</Filter>
    </ClCompile>
    <ClCompile Include="src\Program.cc">
      <Filter>Source Files</Filter>
    </ClCompile>
    <ClCompile Include="src\csTest.cc">
      <Filter>Source Files</Filter>
    </ClCompile>
  </ItemGroup>
  <ItemGroup>
    <ClInclude Include="src\common\GL_utilities.h">
      <Filter>Header Files\common</Filter>
    </ClInclude>
    <ClInclude Include="src\common\AntTweak\AntTweakBar.h">
      <Filter>Header Files\common\Externals</Filter>
    </ClInclude>
    <ClInclude Include="src\common\Windows\glew.h">
      <Filter>Header Files\common\Externals</Filter>
    </ClInclude>
    <ClInclude Include="src\common\Windows\wglew.h">
      <Filter>Header Files\common\Externals</Filter>
    </ClInclude>
    <ClInclude Include="src\common\loadobj.h">
      <Filter>Header Files\common</Filter>
    </ClInclude>
    <ClInclude Include="src\common\LoadTGA.h">
      <Filter>Header Files\common</Filter>
    </ClInclude>
    <ClInclude Include="src\Camera.h">
      <Filter>Header Files</Filter>
    </ClInclude>
    <ClInclude Include="src\Drawable.h">
      <Filter>Header Files</Filter>
    </ClInclude>
    <ClInclude Include="src\Particles.h">
      <Filter>Header Files</Filter>
    </ClInclude>
    <ClInclude Include="src\Program.h">
      <Filter>Header Files</Filter>
    </ClInclude>
    <ClInclude Include="src\csTest.h">
      <Filter>Header Files</Filter>
    </ClInclude>
  </ItemGroup>
  <ItemGroup>
    <None Include="src\shaders\culling.geom">
      <Filter>Source Files\Shaders\Transform Feedback</Filter>
    </None>
    <None Include="src\shaders\culling.vert">
      <Filter>Source Files\Shaders\Transform Feedback</Filter>
    </None>
    <None Include="src\shaders\update.vert">
      <Filter>Source Files\Shaders\Transform Feedback</Filter>
    </None>
    <None Include="src\shaders\billboard.frag">
      <Filter>Source Files\Shaders\Drawing</Filter>
    </None>
    <None Include="src\shaders\billboard.geom">
      <Filter>Source Files\Shaders\Drawing</Filter>
    </None>
    <None Include="src\shaders\billboard.vert">
      <Filter>Source Files\Shaders\Drawing</Filter>
    </None>
    <None Include="src\shaders\particle.frag">
      <Filter>Source Files\Shaders\Drawing</Filter>
    </None>
    <None Include="src\shaders\particle.vert">
      <Filter>Source Files\Shaders\Drawing</Filter>
    </None>
    <None Include="src\shaders\cull.comp">
      <Filter>Source Files\Shaders\Compute</Filter>
    </None>
    <None Include="src\shaders\update.comp">
      <Filter>Source Files\Shaders\Compute</Filter>
    </None>
    <None Include="src\shaders\bin.comp">
      <Filter>Source Files\Shaders\Compute</Filter>
    </None>
    <None Include="src\shaders\sort.comp">
      <Filter>Source Files\Shaders\Compute</Filter>
    </None>
  </ItemGroup>
</Project>